
Microsoft Visual Studio Solution File, Format Version 12.00
# Visual Studio 14
VisualStudioVersion = 14.0.25420.1
MinimumVisualStudioVersion = 10.0.40219.1
Project("{FAE04EC0-301F-11D3-BF4B-00C04F79EFBC}") = "dbOSClass", "Class\dbOSClass.csproj", "{9D397E9D-440A-454A-9C5B-ECA4DB3A3060}"
EndProject
Project("{FAE04EC0-301F-11D3-BF4B-00C04F79EFBC}") = "WebApp", "WebApp\WebApp.csproj", "{75187B3D-54E9-490F-B329-ECC494D02AF4}"
EndProject
Global
	GlobalSection(SolutionConfigurationPlatforms) = preSolution
		Debug|Any CPU = Debug|Any CPU
		Release|Any CPU = Release|Any CPU
	EndGlobalSection
	GlobalSection(ProjectConfigurationPlatforms) = postSolution
		{9D397E9D-440A-454A-9C5B-ECA4DB3A3060}.Debug|Any CPU.ActiveCfg = Debug|Any CPU
		{9D397E9D-440A-454A-9C5B-ECA4DB3A3060}.Debug|Any CPU.Build.0 = Debug|Any CPU
		{9D397E9D-440A-454A-9C5B-ECA4DB3A3060}.Release|Any CPU.ActiveCfg = Release|Any CPU
		{9D397E9D-440A-454A-9C5B-ECA4DB3A3060}.Release|Any CPU.Build.0 = Release|Any CPU
		{75187B3D-54E9-490F-B329-ECC494D02AF4}.Debug|Any CPU.ActiveCfg = Debug|Any CPU
		{75187B3D-54E9-490F-B329-ECC494D02AF4}.Debug|Any CPU.Build.0 = Debug|Any CPU
		{75187B3D-54E9-490F-B329-ECC494D02AF4}.Release|Any CPU.ActiveCfg = Release|Any CPU
		{75187B3D-54E9-490F-B329-ECC494D02AF4}.Release|Any CPU.Build.0 = Release|Any CPU
	EndGlobalSection
	GlobalSection(SolutionProperties) = preSolution
		HideSolutionNode = FALSE
	EndGlobalSection
	GlobalSection(ExtensibilityGlobals) = postSolution
		VisualSVNWorkingCopyRoot = .
	EndGlobalSection
EndGlobal
